
Microsoft Visual Studio Solution File, Format Version 12.00
# Visual Studio Version 17
VisualStudioVersion = 17.3.32825.248
MinimumVisualStudioVersion = 10.0.40219.1
Project("{9A19103F-16F7-4668-BE54-9A1E7A4F7556}") = "SistemaIntegralReportes", "SistemaIntegralReportes.csproj", "{1C8F6FB0-46CD-4D62-8DFF-776EBC09183F}"
EndProject
Project("{FAE04EC0-301F-11D3-BF4B-00C04F79EFBC}") = "52_ControlUsuariosDataAccess", "..\52_ControlUsuariosDataAccess\52_ControlUsuariosDataAccess.csproj", "{89A13CD7-C787-4B38-A274-3A4E8229AFC4}"
EndProject
Project("{FAE04EC0-301F-11D3-BF4B-00C04F79EFBC}") = "53_ReportesDataAccess", "..\53_ReportesDataAccess\53_ReportesDataAccess.csproj", "{EC92E3C3-484C-4158-9523-0EBBEB14B7C5}"
EndProject
Project("{FAE04EC0-301F-11D3-BF4B-00C04F79EFBC}") = "ClassLibrary1", "..\ClassLibrary1\ClassLibrary1.csproj", "{E02C7F4C-AF5A-454C-91EA-1A385A18021E}"
EndProject
Global
	GlobalSection(SolutionConfigurationPlatforms) = preSolution
		Debug|Any CPU = Debug|Any CPU
		Release|Any CPU = Release|Any CPU
	EndGlobalSection
	GlobalSection(ProjectConfigurationPlatforms) = postSolution
		{1C8F6FB0-46CD-4D62-8DFF-776EBC09183F}.Debug|Any CPU.ActiveCfg = Debug|Any CPU
		{1C8F6FB0-46CD-4D62-8DFF-776EBC09183F}.Debug|Any CPU.Build.0 = Debug|Any CPU
		{1C8F6FB0-46CD-4D62-8DFF-776EBC09183F}.Release|Any CPU.ActiveCfg = Release|Any CPU
		{1C8F6FB0-46CD-4D62-8DFF-776EBC09183F}.Release|Any CPU.Build.0 = Release|Any CPU
		{89A13CD7-C787-4B38-A274-3A4E8229AFC4}.Debug|Any CPU.ActiveCfg = Debug|Any CPU
		{89A13CD7-C787-4B38-A274-3A4E8229AFC4}.Debug|Any CPU.Build.0 = Debug|Any CPU
		{89A13CD7-C787-4B38-A274-3A4E8229AFC4}.Release|Any CPU.ActiveCfg = Release|Any CPU
		{89A13CD7-C787-4B38-A274-3A4E8229AFC4}.Release|Any CPU.Build.0 = Release|Any CPU
		{EC92E3C3-484C-4158-9523-0EBBEB14B7C5}.Debug|Any CPU.ActiveCfg = Debug|Any CPU
		{EC92E3C3-484C-4158-9523-0EBBEB14B7C5}.Debug|Any CPU.Build.0 = Debug|Any CPU
		{EC92E3C3-484C-4158-9523-0EBBEB14B7C5}.Release|Any CPU.ActiveCfg = Release|Any CPU
		{EC92E3C3-484C-4158-9523-0EBBEB14B7C5}.Release|Any CPU.Build.0 = Release|Any CPU
		{E02C7F4C-AF5A-454C-91EA-1A385A18021E}.Debug|Any CPU.ActiveCfg = Debug|Any CPU
		{E02C7F4C-AF5A-454C-91EA-1A385A18021E}.Debug|Any CPU.Build.0 = Debug|Any CPU
		{E02C7F4C-AF5A-454C-91EA-1A385A18021E}.Release|Any CPU.ActiveCfg = Release|Any CPU
		{E02C7F4C-AF5A-454C-91EA-1A385A18021E}.Release|Any CPU.Build.0 = Release|Any CPU
	EndGlobalSection
	GlobalSection(SolutionProperties) = preSolution
		HideSolutionNode = FALSE
	EndGlobalSection
	GlobalSection(ExtensibilityGlobals) = postSolution
		SolutionGuid = {CFFF01DD-CE05-4E7C-AAD7-E75F53EC5125}
	EndGlobalSection
EndGlobal
